// !$*UTF8*$!
{
	archiveVersion = 1;
	classes = {
	};
	objectVersion = 46;
	objects = {

/* Begin PBXBuildFile section */
		200C3420184584E700BDBC6D /* Foundation.framework in Frameworks */ = {isa = PBXBuildFile; fileRef = 200C341F184584E700BDBC6D /* Foundation.framework */; };
		200C3422184584E700BDBC6D /* CoreGraphics.framework in Frameworks */ = {isa = PBXBuildFile; fileRef = 200C3421184584E700BDBC6D /* CoreGraphics.framework */; };
		200C3424184584E700BDBC6D /* UIKit.framework in Frameworks */ = {isa = PBXBuildFile; fileRef = 200C3423184584E700BDBC6D /* UIKit.framework */; };
		200C342A184584E700BDBC6D /* InfoPlist.strings in Resources */ = {isa = PBXBuildFile; fileRef = 200C3428184584E700BDBC6D /* InfoPlist.strings */; };
		200C342C184584E700BDBC6D /* main.m in Sources */ = {isa = PBXBuildFile; fileRef = 200C342B184584E700BDBC6D /* main.m */; };
		200C3430184584E700BDBC6D /* AppDelegate.m in Sources */ = {isa = PBXBuildFile; fileRef = 200C342F184584E700BDBC6D /* AppDelegate.m */; };
		200C3433184584E700BDBC6D /* Main_iPhone.storyboard in Resources */ = {isa = PBXBuildFile; fileRef = 200C3431184584E700BDBC6D /* Main_iPhone.storyboard */; };
		200C3436184584E700BDBC6D /* Main_iPad.storyboard in Resources */ = {isa = PBXBuildFile; fileRef = 200C3434184584E700BDBC6D /* Main_iPad.storyboard */; };
		200C3439184584E700BDBC6D /* ViewController.m in Sources */ = {isa = PBXBuildFile; fileRef = 200C3438184584E700BDBC6D /* ViewController.m */; };
		200C343B184584E700BDBC6D /* Images.xcassets in Resources */ = {isa = PBXBuildFile; fileRef = 200C343A184584E700BDBC6D /* Images.xcassets */; };
		200C3442184584E700BDBC6D /* XCTest.framework in Frameworks */ = {isa = PBXBuildFile; fileRef = 200C3441184584E700BDBC6D /* XCTest.framework */; };
		200C3443184584E700BDBC6D /* Foundation.framework in Frameworks */ = {isa = PBXBuildFile; fileRef = 200C341F184584E700BDBC6D /* Foundation.framework */; };
		200C3444184584E700BDBC6D /* UIKit.framework in Frameworks */ = {isa = PBXBuildFile; fileRef = 200C3423184584E700BDBC6D /* UIKit.framework */; };
		200C344C184584E700BDBC6D /* InfoPlist.strings in Resources */ = {isa = PBXBuildFile; fileRef = 200C344A184584E700BDBC6D /* InfoPlist.strings */; };
		200C344E184584E700BDBC6D /* CurrencyConverterTests.m in Sources */ = {isa = PBXBuildFile; fileRef = 200C344D184584E700BDBC6D /* CurrencyConverterTests.m */; };
		200C345B18458BF900BDBC6D /* CurrencyPickerViewController.m in Sources */ = {isa = PBXBuildFile; fileRef = 200C345A18458BF900BDBC6D /* CurrencyPickerViewController.m */; };
		200C34761845925400BDBC6D /* AFHTTPClient.m in Sources */ = {isa = PBXBuildFile; fileRef = 200C34641845925400BDBC6D /* AFHTTPClient.m */; };
		200C34771845925400BDBC6D /* AFHTTPRequestOperation.m in Sources */ = {isa = PBXBuildFile; fileRef = 200C34661845925400BDBC6D /* AFHTTPRequestOperation.m */; };
		200C34781845925400BDBC6D /* AFImageRequestOperation.m in Sources */ = {isa = PBXBuildFile; fileRef = 200C34681845925400BDBC6D /* AFImageRequestOperation.m */; };
		200C34791845925400BDBC6D /* AFJSONRequestOperation.m in Sources */ = {isa = PBXBuildFile; fileRef = 200C346A1845925400BDBC6D /* AFJSONRequestOperation.m */; };
		200C347A1845925400BDBC6D /* AFNetworkActivityIndicatorManager.m in Sources */ = {isa = PBXBuildFile; fileRef = 200C346C1845925400BDBC6D /* AFNetworkActivityIndicatorManager.m */; };
		200C347B1845925400BDBC6D /* AFPropertyListRequestOperation.m in Sources */ = {isa = PBXBuildFile; fileRef = 200C346F1845925400BDBC6D /* AFPropertyListRequestOperation.m */; };
		200C347C1845925400BDBC6D /* AFURLConnectionOperation.m in Sources */ = {isa = PBXBuildFile; fileRef = 200C34711845925400BDBC6D /* AFURLConnectionOperation.m */; };
		200C347D1845925400BDBC6D /* AFXMLRequestOperation.m in Sources */ = {isa = PBXBuildFile; fileRef = 200C34731845925400BDBC6D /* AFXMLRequestOperation.m */; };
		200C347E1845925400BDBC6D /* UIImageView+AFNetworking.m in Sources */ = {isa = PBXBuildFile; fileRef = 200C34751845925400BDBC6D /* UIImageView+AFNetworking.m */; };
		200C34801848D89C00BDBC6D /* currencies_2037560b.jpg in Resources */ = {isa = PBXBuildFile; fileRef = 200C347F1848D89C00BDBC6D /* currencies_2037560b.jpg */; };
		200C34831848E55D00BDBC6D /* UIVoicedLabel.m in Sources */ = {isa = PBXBuildFile; fileRef = 200C34821848E55D00BDBC6D /* UIVoicedLabel.m */; };
/* End PBXBuildFile section */

/* Begin PBXContainerItemProxy section */
		200C3445184584E700BDBC6D /* PBXContainerItemProxy */ = {
			isa = PBXContainerItemProxy;
			containerPortal = 200C3414184584E700BDBC6D /* Project object */;
			proxyType = 1;
			remoteGlobalIDString = 200C341B184584E700BDBC6D;
			remoteInfo = CurrencyConverter;
		};
/* End PBXContainerItemProxy section */

/* Begin PBXFileReference section */
		200C341C184584E700BDBC6D /* CurrencyConverter.app */ = {isa = PBXFileReference; explicitFileType = wrapper.application; includeInIndex = 0; path = CurrencyConverter.app; sourceTree = BUILT_PRODUCTS_DIR; };
		200C341F184584E700BDBC6D /* Foundation.framework */ = {isa = PBXFileReference; lastKnownFileType = wrapper.framework; name = Foundation.framework; path = System/Library/Frameworks/Foundation.framework; sourceTree = SDKROOT; };
		200C3421184584E700BDBC6D /* CoreGraphics.framework */ = {isa = PBXFileReference; lastKnownFileType = wrapper.framework; name = CoreGraphics.framework; path = System/Library/Frameworks/CoreGraphics.framework; sourceTree = SDKROOT; };
		200C3423184584E700BDBC6D /* UIKit.framework */ = {isa = PBXFileReference; lastKnownFileType = wrapper.framework; name = UIKit.framework; path = System/Library/Frameworks/UIKit.framework; sourceTree = SDKROOT; };
		200C3427184584E700BDBC6D /* CurrencyConverter-Info.plist */ = {isa = PBXFileReference; lastKnownFileType = text.plist.xml; path = "CurrencyConverter-Info.plist"; sourceTree = "<group>"; };
		200C3429184584E700BDBC6D /* en */ = {isa = PBXFileReference; lastKnownFileType = text.plist.strings; name = en; path = en.lproj/InfoPlist.strings; sourceTree = "<group>"; };
		200C342B184584E700BDBC6D /* main.m */ = {isa = PBXFileReference; lastKnownFileType = sourcecode.c.objc; path = main.m; sourceTree = "<group>"; };
		200C342D184584E700BDBC6D /* CurrencyConverter-Prefix.pch */ = {isa = PBXFileReference; lastKnownFileType = sourcecode.c.h; path = "CurrencyConverter-Prefix.pch"; sourceTree = "<group>"; };
		200C342E184584E700BDBC6D /* AppDelegate.h */ = {isa = PBXFileReference; lastKnownFileType = sourcecode.c.h; path = AppDelegate.h; sourceTree = "<group>"; };
		200C342F184584E700BDBC6D /* AppDelegate.m */ = {isa = PBXFileReference; lastKnownFileType = sourcecode.c.objc; path = AppDelegate.m; sourceTree = "<group>"; };
		200C3432184584E700BDBC6D /* Base */ = {isa = PBXFileReference; lastKnownFileType = file.storyboard; name = Base; path = Base.lproj/Main_iPhone.storyboard; sourceTree = "<group>"; };
		200C3435184584E700BDBC6D /* Base */ = {isa = PBXFileReference; lastKnownFileType = file.storyboard; name = Base; path = Base.lproj/Main_iPad.storyboard; sourceTree = "<group>"; };
		200C3437184584E700BDBC6D /* ViewController.h */ = {isa = PBXFileReference; lastKnownFileType = sourcecode.c.h; path = ViewController.h; sourceTree = "<group>"; };
		200C3438184584E700BDBC6D /* ViewController.m */ = {isa = PBXFileReference; lastKnownFileType = sourcecode.c.objc; path = ViewController.m; sourceTree = "<group>"; };
		200C343A184584E700BDBC6D /* Images.xcassets */ = {isa = PBXFileReference; lastKnownFileType = folder.assetcatalog; path = Images.xcassets; sourceTree = "<group>"; };
		200C3440184584E700BDBC6D /* CurrencyConverterTests.xctest */ = {isa = PBXFileReference; explicitFileType = wrapper.cfbundle; includeInIndex = 0; path = CurrencyConverterTests.xctest; sourceTree = BUILT_PRODUCTS_DIR; };
		200C3441184584E700BDBC6D /* XCTest.framework */ = {isa = PBXFileReference; lastKnownFileType = wrapper.framework; name = XCTest.framework; path = Library/Frameworks/XCTest.framework; sourceTree = DEVELOPER_DIR; };
		200C3449184584E700BDBC6D /* CurrencyConverterTests-Info.plist */ = {isa = PBXFileReference; lastKnownFileType = text.plist.xml; path = "CurrencyConverterTests-Info.plist"; sourceTree = "<group>"; };
		200C344B184584E700BDBC6D /* en */ = {isa = PBXFileReference; lastKnownFileType = text.plist.strings; name = en; path = en.lproj/InfoPlist.strings; sourceTree = "<group>"; };
		200C344D184584E700BDBC6D /* CurrencyConverterTests.m */ = {isa = PBXFileReference; lastKnownFileType = sourcecode.c.objc; path = CurrencyConverterTests.m; sourceTree = "<group>"; };
		200C345918458BF900BDBC6D /* CurrencyPickerViewController.h */ = {isa = PBXFileReference; fileEncoding = 4; lastKnownFileType = sourcecode.c.h; path = CurrencyPickerViewController.h; sourceTree = "<group>"; };
		200C345A18458BF900BDBC6D /* CurrencyPickerViewController.m */ = {isa = PBXFileReference; fileEncoding = 4; lastKnownFileType = sourcecode.c.objc; path = CurrencyPickerViewController.m; sourceTree = "<group>"; };
		200C34631845925400BDBC6D /* AFHTTPClient.h */ = {isa = PBXFileReference; fileEncoding = 4; lastKnownFileType = sourcecode.c.h; path = AFHTTPClient.h; sourceTree = "<group>"; };
		200C34641845925400BDBC6D /* AFHTTPClient.m */ = {isa = PBXFileReference; fileEncoding = 4; lastKnownFileType = sourcecode.c.objc; path = AFHTTPClient.m; sourceTree = "<group>"; };
		200C34651845925400BDBC6D /* AFHTTPRequestOperation.h */ = {isa = PBXFileReference; fileEncoding = 4; lastKnownFileType = sourcecode.c.h; path = AFHTTPRequestOperation.h; sourceTree = "<group>"; };
		200C34661845925400BDBC6D /* AFHTTPRequestOperation.m */ = {isa = PBXFileReference; fileEncoding = 4; lastKnownFileType = sourcecode.c.objc; path = AFHTTPRequestOperation.m; sourceTree = "<group>"; };
		200C34671845925400BDBC6D /* AFImageRequestOperation.h */ = {isa = PBXFileReference; fileEncoding = 4; lastKnownFileType = sourcecode.c.h; path = AFImageRequestOperation.h; sourceTree = "<group>"; };
		200C34681845925400BDBC6D /* AFImageRequestOperation.m */ = {isa = PBXFileReference; fileEncoding = 4; lastKnownFileType = sourcecode.c.objc; path = AFImageRequestOperation.m; sourceTree = "<group>"; };
		200C34691845925400BDBC6D /* AFJSONRequestOperation.h */ = {isa = PBXFileReference; fileEncoding = 4; lastKnownFileType = sourcecode.c.h; path = AFJSONRequestOperation.h; sourceTree = "<group>"; };
		200C346A1845925400BDBC6D /* AFJSONRequestOperation.m */ = {isa = PBXFileReference; fileEncoding = 4; lastKnownFileType = sourcecode.c.objc; path = AFJSONRequestOperation.m; sourceTree = "<group>"; };
		200C346B1845925400BDBC6D /* AFNetworkActivityIndicatorManager.h */ = {isa = PBXFileReference; fileEncoding = 4; lastKnownFileType = sourcecode.c.h; path = AFNetworkActivityIndicatorManager.h; sourceTree = "<group>"; };
		200C346C1845925400BDBC6D /* AFNetworkActivityIndicatorManager.m */ = {isa = PBXFileReference; fileEncoding = 4; lastKnownFileType = sourcecode.c.objc; path = AFNetworkActivityIndicatorManager.m; sourceTree = "<group>"; };
		200C346D1845925400BDBC6D /* AFNetworking.h */ = {isa = PBXFileReference; fileEncoding = 4; lastKnownFileType = sourcecode.c.h; path = AFNetworking.h; sourceTree = "<group>"; };
		200C346E1845925400BDBC6D /* AFPropertyListRequestOperation.h */ = {isa = PBXFileReference; fileEncoding = 4; lastKnownFileType = sourcecode.c.h; path = AFPropertyListRequestOperation.h; sourceTree = "<group>"; };
		200C346F1845925400BDBC6D /* AFPropertyListRequestOperation.m */ = {isa = PBXFileReference; fileEncoding = 4; lastKnownFileType = sourcecode.c.objc; path = AFPropertyListRequestOperation.m; sourceTree = "<group>"; };
		200C34701845925400BDBC6D /* AFURLConnectionOperation.h */ = {isa = PBXFileReference; fileEncoding = 4; lastKnownFileType = sourcecode.c.h; path = AFURLConnectionOperation.h; sourceTree = "<group>"; };
		200C34711845925400BDBC6D /* AFURLConnectionOperation.m */ = {isa = PBXFileReference; fileEncoding = 4; lastKnownFileType = sourcecode.c.objc; path = AFURLConnectionOperation.m; sourceTree = "<group>"; };
		200C34721845925400BDBC6D /* AFXMLRequestOperation.h */ = {isa = PBXFileReference; fileEncoding = 4; lastKnownFileType = sourcecode.c.h; path = AFXMLRequestOperation.h; sourceTree = "<group>"; };
		200C34731845925400BDBC6D /* AFXMLRequestOperation.m */ = {isa = PBXFileReference; fileEncoding = 4; lastKnownFileType = sourcecode.c.objc; path = AFXMLRequestOperation.m; sourceTree = "<group>"; };
		200C34741845925400BDBC6D /* UIImageView+AFNetworking.h */ = {isa = PBXFileReference; fileEncoding = 4; lastKnownFileType = sourcecode.c.h; path = "UIImageView+AFNetworking.h"; sourceTree = "<group>"; };
		200C34751845925400BDBC6D /* UIImageView+AFNetworking.m */ = {isa = PBXFileReference; fileEncoding = 4; lastKnownFileType = sourcecode.c.objc; path = "UIImageView+AFNetworking.m"; sourceTree = "<group>"; };
		200C347F1848D89C00BDBC6D /* currencies_2037560b.jpg */ = {isa = PBXFileReference; lastKnownFileType = image.jpeg; name = currencies_2037560b.jpg; path = ../../../images/currencies_2037560b.jpg; sourceTree = "<group>"; };
		200C34811848E55D00BDBC6D /* UIVoicedLabel.h */ = {isa = PBXFileReference; fileEncoding = 4; lastKnownFileType = sourcecode.c.h; path = UIVoicedLabel.h; sourceTree = "<group>"; };
		200C34821848E55D00BDBC6D /* UIVoicedLabel.m */ = {isa = PBXFileReference; fileEncoding = 4; lastKnownFileType = sourcecode.c.objc; path = UIVoicedLabel.m; sourceTree = "<group>"; };
/* End PBXFileReference section */

/* Begin PBXFrameworksBuildPhase section */
		200C3419184584E700BDBC6D /* Frameworks */ = {
			isa = PBXFrameworksBuildPhase;
			buildActionMask = 2147483647;
			files = (
				200C3422184584E700BDBC6D /* CoreGraphics.framework in Frameworks */,
				200C3424184584E700BDBC6D /* UIKit.framework in Frameworks */,
				200C3420184584E700BDBC6D /* Foundation.framework in Frameworks */,
			);
			runOnlyForDeploymentPostprocessing = 0;
		};
		200C343D184584E700BDBC6D /* Frameworks */ = {
			isa = PBXFrameworksBuildPhase;
			buildActionMask = 2147483647;
			files = (
				200C3442184584E700BDBC6D /* XCTest.framework in Frameworks */,
				200C3444184584E700BDBC6D /* UIKit.framework in Frameworks */,
				200C3443184584E700BDBC6D /* Foundation.framework in Frameworks */,
			);
			runOnlyForDeploymentPostprocessing = 0;
		};
/* End PBXFrameworksBuildPhase section */

/* Begin PBXGroup section */
		200C3413184584E700BDBC6D = {
			isa = PBXGroup;
			children = (
				200C3425184584E700BDBC6D /* CurrencyConverter */,
				200C3447184584E700BDBC6D /* CurrencyConverterTests */,
				200C341E184584E700BDBC6D /* Frameworks */,
				200C341D184584E700BDBC6D /* Products */,
			);
			sourceTree = "<group>";
		};
		200C341D184584E700BDBC6D /* Products */ = {
			isa = PBXGroup;
			children = (
				200C341C184584E700BDBC6D /* CurrencyConverter.app */,
				200C3440184584E700BDBC6D /* CurrencyConverterTests.xctest */,
			);
			name = Products;
			sourceTree = "<group>";
		};
		200C341E184584E700BDBC6D /* Frameworks */ = {
			isa = PBXGroup;
			children = (
				200C341F184584E700BDBC6D /* Foundation.framework */,
				200C3421184584E700BDBC6D /* CoreGraphics.framework */,
				200C3423184584E700BDBC6D /* UIKit.framework */,
				200C3441184584E700BDBC6D /* XCTest.framework */,
			);
			name = Frameworks;
			sourceTree = "<group>";
		};
		200C3425184584E700BDBC6D /* CurrencyConverter */ = {
			isa = PBXGroup;
			children = (
				200C34811848E55D00BDBC6D /* UIVoicedLabel.h */,
				200C34821848E55D00BDBC6D /* UIVoicedLabel.m */,
				200C347F1848D89C00BDBC6D /* currencies_2037560b.jpg */,
				200C34621845925400BDBC6D /* AFNetworking */,
				200C342E184584E700BDBC6D /* AppDelegate.h */,
				200C342F184584E700BDBC6D /* AppDelegate.m */,
				200C3431184584E700BDBC6D /* Main_iPhone.storyboard */,
				200C3434184584E700BDBC6D /* Main_iPad.storyboard */,
				200C3437184584E700BDBC6D /* ViewController.h */,
				200C3438184584E700BDBC6D /* ViewController.m */,
				200C345918458BF900BDBC6D /* CurrencyPickerViewController.h */,
				200C345A18458BF900BDBC6D /* CurrencyPickerViewController.m */,
				200C343A184584E700BDBC6D /* Images.xcassets */,
				200C3426184584E700BDBC6D /* Supporting Files */,
			);
			path = CurrencyConverter;
			sourceTree = "<group>";
		};
		200C3426184584E700BDBC6D /* Supporting Files */ = {
			isa = PBXGroup;
			children = (
				200C3427184584E700BDBC6D /* CurrencyConverter-Info.plist */,
				200C3428184584E700BDBC6D /* InfoPlist.strings */,
				200C342B184584E700BDBC6D /* main.m */,
				200C342D184584E700BDBC6D /* CurrencyConverter-Prefix.pch */,
			);
			name = "Supporting Files";
			sourceTree = "<group>";
		};
		200C3447184584E700BDBC6D /* CurrencyConverterTests */ = {
			isa = PBXGroup;
			children = (
				200C344D184584E700BDBC6D /* CurrencyConverterTests.m */,
				200C3448184584E700BDBC6D /* Supporting Files */,
			);
			path = CurrencyConverterTests;
			sourceTree = "<group>";
		};
		200C3448184584E700BDBC6D /* Supporting Files */ = {
			isa = PBXGroup;
			children = (
				200C3449184584E700BDBC6D /* CurrencyConverterTests-Info.plist */,
				200C344A184584E700BDBC6D /* InfoPlist.strings */,
			);
			name = "Supporting Files";
			sourceTree = "<group>";
		};
		200C34621845925400BDBC6D /* AFNetworking */ = {
			isa = PBXGroup;
			children = (
				200C34631845925400BDBC6D /* AFHTTPClient.h */,
				200C34641845925400BDBC6D /* AFHTTPClient.m */,
				200C34651845925400BDBC6D /* AFHTTPRequestOperation.h */,
				200C34661845925400BDBC6D /* AFHTTPRequestOperation.m */,
				200C34671845925400BDBC6D /* AFImageRequestOperation.h */,
				200C34681845925400BDBC6D /* AFImageRequestOperation.m */,
				200C34691845925400BDBC6D /* AFJSONRequestOperation.h */,
				200C346A1845925400BDBC6D /* AFJSONRequestOperation.m */,
				200C346B1845925400BDBC6D /* AFNetworkActivityIndicatorManager.h */,
				200C346C1845925400BDBC6D /* AFNetworkActivityIndicatorManager.m */,
				200C346D1845925400BDBC6D /* AFNetworking.h */,
				200C346E1845925400BDBC6D /* AFPropertyListRequestOperation.h */,
				200C346F1845925400BDBC6D /* AFPropertyListRequestOperation.m */,
				200C34701845925400BDBC6D /* AFURLConnectionOperation.h */,
				200C34711845925400BDBC6D /* AFURLConnectionOperation.m */,
				200C34721845925400BDBC6D /* AFXMLRequestOperation.h */,
				200C34731845925400BDBC6D /* AFXMLRequestOperation.m */,
				200C34741845925400BDBC6D /* UIImageView+AFNetworking.h */,
				200C34751845925400BDBC6D /* UIImageView+AFNetworking.m */,
			);
			name = AFNetworking;
			path = "../../../../Downloads/AFNetworking-1.x/AFNetworking";
			sourceTree = "<group>";
		};
/* End PBXGroup section */

/* Begin PBXNativeTarget section */
		200C341B184584E700BDBC6D /* CurrencyConverter */ = {
			isa = PBXNativeTarget;
			buildConfigurationList = 200C3451184584E800BDBC6D /* Build configuration list for PBXNativeTarget "CurrencyConverter" */;
			buildPhases = (
				200C3418184584E700BDBC6D /* Sources */,
				200C3419184584E700BDBC6D /* Frameworks */,
				200C341A184584E700BDBC6D /* Resources */,
			);
			buildRules = (
			);
			dependencies = (
			);
			name = CurrencyConverter;
			productName = CurrencyConverter;
			productReference = 200C341C184584E700BDBC6D /* CurrencyConverter.app */;
			productType = "com.apple.product-type.application";
		};
		200C343F184584E700BDBC6D /* CurrencyConverterTests */ = {
			isa = PBXNativeTarget;
			buildConfigurationList = 200C3454184584E800BDBC6D /* Build configuration list for PBXNativeTarget "CurrencyConverterTests" */;
			buildPhases = (
				200C343C184584E700BDBC6D /* Sources */,
				200C343D184584E700BDBC6D /* Frameworks */,
				200C343E184584E700BDBC6D /* Resources */,
			);
			buildRules = (
			);
			dependencies = (
				200C3446184584E700BDBC6D /* PBXTargetDependency */,
			);
			name = CurrencyConverterTests;
			productName = CurrencyConverterTests;
			productReference = 200C3440184584E700BDBC6D /* CurrencyConverterTests.xctest */;
			productType = "com.apple.product-type.bundle.unit-test";
		};
/* End PBXNativeTarget section */

/* Begin PBXProject section */
		200C3414184584E700BDBC6D /* Project object */ = {
			isa = PBXProject;
			attributes = {
				LastUpgradeCheck = 0500;
				ORGANIZATIONNAME = "Nandini Sundara Raman";
				TargetAttributes = {
					200C343F184584E700BDBC6D = {
						TestTargetID = 200C341B184584E700BDBC6D;
					};
				};
			};
			buildConfigurationList = 200C3417184584E700BDBC6D /* Build configuration list for PBXProject "CurrencyConverter" */;
			compatibilityVersion = "Xcode 3.2";
			developmentRegion = English;
			hasScannedForEncodings = 0;
			knownRegions = (
				en,
				Base,
			);
			mainGroup = 200C3413184584E700BDBC6D;
			productRefGroup = 200C341D184584E700BDBC6D /* Products */;
			projectDirPath = "";
			projectRoot = "";
			targets = (
				200C341B184584E700BDBC6D /* CurrencyConverter */,
				200C343F184584E700BDBC6D /* CurrencyConverterTests */,
			);
		};
/* End PBXProject section */

/* Begin PBXResourcesBuildPhase section */
		200C341A184584E700BDBC6D /* Resources */ = {
			isa = PBXResourcesBuildPhase;
			buildActionMask = 2147483647;
			files = (
				200C3436184584E700BDBC6D /* Main_iPad.storyboard in Resources */,
				200C343B184584E700BDBC6D /* Images.xcassets in Resources */,
				200C3433184584E700BDBC6D /* Main_iPhone.storyboard in Resources */,
				200C34801848D89C00BDBC6D /* currencies_2037560b.jpg in Resources */,
				200C342A184584E700BDBC6D /* InfoPlist.strings in Resources */,
			);
			runOnlyForDeploymentPostprocessing = 0;
		};
		200C343E184584E700BDBC6D /* Resources */ = {
			isa = PBXResourcesBuildPhase;
			buildActionMask = 2147483647;
			files = (
				200C344C184584E700BDBC6D /* InfoPlist.strings in Resources */,
			);
			runOnlyForDeploymentPostprocessing = 0;
		};
/* End PBXResourcesBuildPhase section */

/* Begin PBXSourcesBuildPhase section */
		200C3418184584E700BDBC6D /* Sources */ = {
			isa = PBXSourcesBuildPhase;
			buildActionMask = 2147483647;
			files = (
				200C347C1845925400BDBC6D /* AFURLConnectionOperation.m in Sources */,
				200C347E1845925400BDBC6D /* UIImageView+AFNetworking.m in Sources */,
				200C34781845925400BDBC6D /* AFImageRequestOperation.m in Sources */,
				200C34771845925400BDBC6D /* AFHTTPRequestOperation.m in Sources */,
				200C34761845925400BDBC6D /* AFHTTPClient.m in Sources */,
				200C347D1845925400BDBC6D /* AFXMLRequestOperation.m in Sources */,
				200C3439184584E700BDBC6D /* ViewController.m in Sources */,
				200C345B18458BF900BDBC6D /* CurrencyPickerViewController.m in Sources */,
				200C3430184584E700BDBC6D /* AppDelegate.m in Sources */,
				200C34791845925400BDBC6D /* AFJSONRequestOperation.m in Sources */,
				200C342C184584E700BDBC6D /* main.m in Sources */,
				200C347B1845925400BDBC6D /* AFPropertyListRequestOperation.m in Sources */,
				200C34831848E55D00BDBC6D /* UIVoicedLabel.m in Sources */,
				200C347A1845925400BDBC6D /* AFNetworkActivityIndicatorManager.m in Sources */,
			);
			runOnlyForDeploymentPostprocessing = 0;
		};
		200C343C184584E700BDBC6D /* Sources */ = {
			isa = PBXSourcesBuildPhase;
			buildActionMask = 2147483647;
			files = (
				200C344E184584E700BDBC6D /* CurrencyConverterTests.m in Sources */,
			);
			runOnlyForDeploymentPostprocessing = 0;
		};
/* End PBXSourcesBuildPhase section */

/* Begin PBXTargetDependency section */
		200C3446184584E700BDBC6D /* PBXTargetDependency */ = {
			isa = PBXTargetDependency;
			target = 200C341B184584E700BDBC6D /* CurrencyConverter */;
			targetProxy = 200C3445184584E700BDBC6D /* PBXContainerItemProxy */;
		};
/* End PBXTargetDependency section */

/* Begin PBXVariantGroup section */
		200C3428184584E700BDBC6D /* InfoPlist.strings */ = {
			isa = PBXVariantGroup;
			children = (
				200C3429184584E700BDBC6D /* en */,
			);
			name = InfoPlist.strings;
			sourceTree = "<group>";
		};
		200C3431184584E700BDBC6D /* Main_iPhone.storyboard */ = {
			isa = PBXVariantGroup;
			children = (
				200C3432184584E700BDBC6D /* Base */,
			);
			name = Main_iPhone.storyboard;
			sourceTree = "<group>";
		};
		200C3434184584E700BDBC6D /* Main_iPad.storyboard */ = {
			isa = PBXVariantGroup;
			children = (
				200C3435184584E700BDBC6D /* Base */,
			);
			name = Main_iPad.storyboard;
			sourceTree = "<group>";
		};
		200C344A184584E700BDBC6D /* InfoPlist.strings */ = {
			isa = PBXVariantGroup;
			children = (
				200C344B184584E700BDBC6D /* en */,
			);
			name = InfoPlist.strings;
			sourceTree = "<group>";
		};
/* End PBXVariantGroup section */

/* Begin XCBuildConfiguration section */
		200C344F184584E800BDBC6D /* Debug */ = {
			isa = XCBuildConfiguration;
			buildSettings = {
				ALWAYS_SEARCH_USER_PATHS = NO;
				ARCHS = "$(ARCHS_STANDARD_INCLUDING_64_BIT)";
				CLANG_CXX_LANGUAGE_STANDARD = "gnu++0x";
				CLANG_CXX_LIBRARY = "libc++";
				CLANG_ENABLE_MODULES = YES;
				CLANG_ENABLE_OBJC_ARC = YES;
				CLANG_WARN_BOOL_CONVERSION = YES;
				CLANG_WARN_CONSTANT_CONVERSION = YES;
				CLANG_WARN_DIRECT_OBJC_ISA_USAGE = YES_ERROR;
				CLANG_WARN_EMPTY_BODY = YES;
				CLANG_WARN_ENUM_CONVERSION = YES;
				CLANG_WARN_INT_CONVERSION = YES;
				CLANG_WARN_OBJC_ROOT_CLASS = YES_ERROR;
				CLANG_WARN__DUPLICATE_METHOD_MATCH = YES;
				"CODE_SIGN_IDENTITY[sdk=iphoneos*]" = "iPhone Developer";
				COPY_PHASE_STRIP = NO;
				GCC_C_LANGUAGE_STANDARD = gnu99;
				GCC_DYNAMIC_NO_PIC = NO;
				GCC_OPTIMIZATION_LEVEL = 0;
				GCC_PREPROCESSOR_DEFINITIONS = (
					"DEBUG=1",
					"$(inherited)",
				);
				GCC_SYMBOLS_PRIVATE_EXTERN = NO;
				GCC_WARN_64_TO_32_BIT_CONVERSION = YES;
				GCC_WARN_ABOUT_RETURN_TYPE = YES_ERROR;
				GCC_WARN_UNDECLARED_SELECTOR = YES;
				GCC_WARN_UNINITIALIZED_AUTOS = YES;
				GCC_WARN_UNUSED_FUNCTION = YES;
				GCC_WARN_UNUSED_VARIABLE = YES;
				IPHONEOS_DEPLOYMENT_TARGET = 7.0;
				ONLY_ACTIVE_ARCH = YES;
				SDKROOT = iphoneos;
				TARGETED_DEVICE_FAMILY = "1,2";
			};
			name = Debug;
		};
		200C3450184584E800BDBC6D /* Release */ = {
			isa = XCBuildConfiguration;
			buildSettings = {
				ALWAYS_SEARCH_USER_PATHS = NO;
				ARCHS = "$(ARCHS_STANDARD_INCLUDING_64_BIT)";
				CLANG_CXX_LANGUAGE_STANDARD = "gnu++0x";
				CLANG_CXX_LIBRARY = "libc++";
				CLANG_ENABLE_MODULES = YES;
				CLANG_ENABLE_OBJC_ARC = YES;
				CLANG_WARN_BOOL_CONVERSION = YES;
				CLANG_WARN_CONSTANT_CONVERSION = YES;
				CLANG_WARN_DIRECT_OBJC_ISA_USAGE = YES_ERROR;
				CLANG_WARN_EMPTY_BODY = YES;
				CLANG_WARN_ENUM_CONVERSION = YES;
				CLANG_WARN_INT_CONVERSION = YES;
				CLANG_WARN_OBJC_ROOT_CLASS = YES_ERROR;
				CLANG_WARN__DUPLICATE_METHOD_MATCH = YES;
				"CODE_SIGN_IDENTITY[sdk=iphoneos*]" = "iPhone Developer";
				COPY_PHASE_STRIP = YES;
				ENABLE_NS_ASSERTIONS = NO;
				GCC_C_LANGUAGE_STANDARD = gnu99;
				GCC_WARN_64_TO_32_BIT_CONVERSION = YES;
				GCC_WARN_ABOUT_RETURN_TYPE = YES_ERROR;
				GCC_WARN_UNDECLARED_SELECTOR = YES;
				GCC_WARN_UNINITIALIZED_AUTOS = YES;
				GCC_WARN_UNUSED_FUNCTION = YES;
				GCC_WARN_UNUSED_VARIABLE = YES;
				IPHONEOS_DEPLOYMENT_TARGET = 7.0;
				SDKROOT = iphoneos;
				TARGETED_DEVICE_FAMILY = "1,2";
				VALIDATE_PRODUCT = YES;
			};
			name = Release;
		};
		200C3452184584E800BDBC6D /* Debug */ = {
			isa = XCBuildConfiguration;
			buildSettings = {
				ASSETCATALOG_COMPILER_APPICON_NAME = AppIcon;
				ASSETCATALOG_COMPILER_LAUNCHIMAGE_NAME = LaunchImage;
				GCC_PRECOMPILE_PREFIX_HEADER = YES;
				GCC_PREFIX_HEADER = "CurrencyConverter/CurrencyConverter-Prefix.pch";
				INFOPLIST_FILE = "CurrencyConverter/CurrencyConverter-Info.plist";
				PRODUCT_NAME = "$(TARGET_NAME)";
				WRAPPER_EXTENSION = app;
			};
			name = Debug;
		};
		200C3453184584E800BDBC6D /* Release */ = {
			isa = XCBuildConfiguration;
			buildSettings = {
				ASSETCATALOG_COMPILER_APPICON_NAME = AppIcon;
				ASSETCATALOG_COMPILER_LAUNCHIMAGE_NAME = LaunchImage;
				GCC_PRECOMPILE_PREFIX_HEADER = YES;
				GCC_PREFIX_HEADER = "CurrencyConverter/CurrencyConverter-Prefix.pch";
				INFOPLIST_FILE = "CurrencyConverter/CurrencyConverter-Info.plist";
				PRODUCT_NAME = "$(TARGET_NAME)";
				WRAPPER_EXTENSION = app;
			};
			name = Release;
		};
		200C3455184584E800BDBC6D /* Debug */ = {
			isa = XCBuildConfiguration;
			buildSettings = {
				ARCHS = "$(ARCHS_STANDARD_INCLUDING_64_BIT)";
				BUNDLE_LOADER = "$(BUILT_PRODUCTS_DIR)/CurrencyConverter.app/CurrencyConverter";
				FRAMEWORK_SEARCH_PATHS = (
					"$(SDKROOT)/Developer/Library/Frameworks",
					"$(inherited)",
					"$(DEVELOPER_FRAMEWORKS_DIR)",
				);
				GCC_PRECOMPILE_PREFIX_HEADER = YES;
				GCC_PREFIX_HEADER = "CurrencyConverter/CurrencyConverter-Prefix.pch";
				GCC_PREPROCESSOR_DEFINITIONS = (
					"DEBUG=1",
					"$(inherited)",
				);
				INFOPLIST_FILE = "CurrencyConverterTests/CurrencyConverterTests-Info.plist";
				PRODUCT_NAME = "$(TARGET_NAME)";
				TEST_HOST = "$(BUNDLE_LOADER)";
				WRAPPER_EXTENSION = xctest;
			};
			name = Debug;
		};
		200C3456184584E800BDBC6D /* Release */ = {
			isa = XCBuildConfiguration;
			buildSettings = {
				ARCHS = "$(ARCHS_STANDARD_INCLUDING_64_BIT)";
				BUNDLE_LOADER = "$(BUILT_PRODUCTS_DIR)/CurrencyConverter.app/CurrencyConverter";
				FRAMEWORK_SEARCH_PATHS = (
					"$(SDKROOT)/Developer/Library/Frameworks",
					"$(inherited)",
					"$(DEVELOPER_FRAMEWORKS_DIR)",
				);
				GCC_PRECOMPILE_PREFIX_HEADER = YES;
				GCC_PREFIX_HEADER = "CurrencyConverter/CurrencyConverter-Prefix.pch";
				INFOPLIST_FILE = "CurrencyConverterTests/CurrencyConverterTests-Info.plist";
				PRODUCT_NAME = "$(TARGET_NAME)";
				TEST_HOST = "$(BUNDLE_LOADER)";
				WRAPPER_EXTENSION = xctest;
			};
			name = Release;
		};
/* End XCBuildConfiguration section */

/* Begin XCConfigurationList section */
		200C3417184584E700BDBC6D /* Build configuration list for PBXProject "CurrencyConverter" */ = {
			isa = XCConfigurationList;
			buildConfigurations = (
				200C344F184584E800BDBC6D /* Debug */,
				200C3450184584E800BDBC6D /* Release */,
			);
			defaultConfigurationIsVisible = 0;
			defaultConfigurationName = Release;
		};
		200C3451184584E800BDBC6D /* Build configuration list for PBXNativeTarget "CurrencyConverter" */ = {
			isa = XCConfigurationList;
			buildConfigurations = (
				200C3452184584E800BDBC6D /* Debug */,
				200C3453184584E800BDBC6D /* Release */,
			);
			defaultConfigurationIsVisible = 0;
			defaultConfigurationName = Release;
		};
		200C3454184584E800BDBC6D /* Build configuration list for PBXNativeTarget "CurrencyConverterTests" */ = {
			isa = XCConfigurationList;
			buildConfigurations = (
				200C3455184584E800BDBC6D /* Debug */,
				200C3456184584E800BDBC6D /* Release */,
			);
			defaultConfigurationIsVisible = 0;
			defaultConfigurationName = Release;
		};
/* End XCConfigurationList section */
	};
	rootObject = 200C3414184584E700BDBC6D /* Project object */;
}
